{
  "nodes": {
    "nixpkgs": {
      "locked": {
        "lastModified": 1648486164,
        "narHash": "sha256-v2EOpYJkFS+L4TFoBWC1ZTKYm6FsNNIGyWraY5MtO+4=",
        "owner": "nixos",
        "repo": "nixpkgs",
        "rev": "1be57bee8d0565a7bfd8745540fed257c8c7f523",
        "type": "github"
      },
      "original": {
        "id": "nixpkgs",
        "type": "indirect"
      }
    },
    "root": {
      "inputs": {
        "nixpkgs": "nixpkgs"
      }
    }
  },
  "root": "root",
  "version": 7
}
